// !$*UTF8*$!
{
	archiveVersion = 1;
	classes = {
	};
	objectVersion = 55;
	objects = {

/* Begin PBXBuildFile section */
		BA639BA828B7EE5000189F14 /* CustomCell.swift in Sources */ = {isa = PBXBuildFile; fileRef = BA639BA728B7EE5000189F14 /* CustomCell.swift */; };
		BA639BAA28BE42C800189F14 /* ErrorHandler.swift in Sources */ = {isa = PBXBuildFile; fileRef = BA639BA928BE42C800189F14 /* ErrorHandler.swift */; };
		BA639BAC28BE814000189F14 /* NewsViewModel.swift in Sources */ = {isa = PBXBuildFile; fileRef = BA639BAB28BE814000189F14 /* NewsViewModel.swift */; };
		BA639BAF28BEC01200189F14 /* NewsCellViewModel.swift in Sources */ = {isa = PBXBuildFile; fileRef = BA639BAE28BEC01200189F14 /* NewsCellViewModel.swift */; };
		BA6E5F3028198E0E009B46E5 /* AppDelegate.swift in Sources */ = {isa = PBXBuildFile; fileRef = BA6E5F2F28198E0E009B46E5 /* AppDelegate.swift */; };
		BA6E5F3228198E0E009B46E5 /* SceneDelegate.swift in Sources */ = {isa = PBXBuildFile; fileRef = BA6E5F3128198E0E009B46E5 /* SceneDelegate.swift */; };
		BA6E5F3428198E0E009B46E5 /* NewsViewController.swift in Sources */ = {isa = PBXBuildFile; fileRef = BA6E5F3328198E0E009B46E5 /* NewsViewController.swift */; };
		BA6E5F3728198E0E009B46E5 /* Main.storyboard in Resources */ = {isa = PBXBuildFile; fileRef = BA6E5F3528198E0E009B46E5 /* Main.storyboard */; };
		BA6E5F3928198E12009B46E5 /* Assets.xcassets in Resources */ = {isa = PBXBuildFile; fileRef = BA6E5F3828198E12009B46E5 /* Assets.xcassets */; };
		BA6E5F3C28198E12009B46E5 /* LaunchScreen.storyboard in Resources */ = {isa = PBXBuildFile; fileRef = BA6E5F3A28198E12009B46E5 /* LaunchScreen.storyboard */; };
		BA6E5F482819956B009B46E5 /* Service.swift in Sources */ = {isa = PBXBuildFile; fileRef = BA6E5F472819956B009B46E5 /* Service.swift */; };
		BA6E5F4A2819A749009B46E5 /* NewsModel.swift in Sources */ = {isa = PBXBuildFile; fileRef = BA6E5F492819A749009B46E5 /* NewsModel.swift */; };
/* End PBXBuildFile section */

/* Begin PBXFileReference section */
		BA639BA728B7EE5000189F14 /* CustomCell.swift */ = {isa = PBXFileReference; lastKnownFileType = sourcecode.swift; path = CustomCell.swift; sourceTree = "<group>"; };
		BA639BA928BE42C800189F14 /* ErrorHandler.swift */ = {isa = PBXFileReference; lastKnownFileType = sourcecode.swift; path = ErrorHandler.swift; sourceTree = "<group>"; };
		BA639BAB28BE814000189F14 /* NewsViewModel.swift */ = {isa = PBXFileReference; lastKnownFileType = sourcecode.swift; path = NewsViewModel.swift; sourceTree = "<group>"; };
		BA639BAE28BEC01200189F14 /* NewsCellViewModel.swift */ = {isa = PBXFileReference; lastKnownFileType = sourcecode.swift; path = NewsCellViewModel.swift; sourceTree = "<group>"; };
		BA6E5F2C28198E0E009B46E5 /* NewsApp.app */ = {isa = PBXFileReference; explicitFileType = wrapper.application; includeInIndex = 0; path = NewsApp.app; sourceTree = BUILT_PRODUCTS_DIR; };
		BA6E5F2F28198E0E009B46E5 /* AppDelegate.swift */ = {isa = PBXFileReference; lastKnownFileType = sourcecode.swift; path = AppDelegate.swift; sourceTree = "<group>"; };
		BA6E5F3128198E0E009B46E5 /* SceneDelegate.swift */ = {isa = PBXFileReference; lastKnownFileType = sourcecode.swift; path = SceneDelegate.swift; sourceTree = "<group>"; };
		BA6E5F3328198E0E009B46E5 /* NewsViewController.swift */ = {isa = PBXFileReference; lastKnownFileType = sourcecode.swift; path = NewsViewController.swift; sourceTree = "<group>"; };
		BA6E5F3628198E0E009B46E5 /* Base */ = {isa = PBXFileReference; lastKnownFileType = file.storyboard; name = Base; path = Base.lproj/Main.storyboard; sourceTree = "<group>"; };
		BA6E5F3828198E12009B46E5 /* Assets.xcassets */ = {isa = PBXFileReference; lastKnownFileType = folder.assetcatalog; path = Assets.xcassets; sourceTree = "<group>"; };
		BA6E5F3B28198E12009B46E5 /* Base */ = {isa = PBXFileReference; lastKnownFileType = file.storyboard; name = Base; path = Base.lproj/LaunchScreen.storyboard; sourceTree = "<group>"; };
		BA6E5F3D28198E12009B46E5 /* Info.plist */ = {isa = PBXFileReference; lastKnownFileType = text.plist.xml; path = Info.plist; sourceTree = "<group>"; };
		BA6E5F472819956B009B46E5 /* Service.swift */ = {isa = PBXFileReference; lastKnownFileType = sourcecode.swift; path = Service.swift; sourceTree = "<group>"; };
		BA6E5F492819A749009B46E5 /* NewsModel.swift */ = {isa = PBXFileReference; lastKnownFileType = sourcecode.swift; path = NewsModel.swift; sourceTree = "<group>"; };
/* End PBXFileReference section */

/* Begin PBXFrameworksBuildPhase section */
		BA6E5F2928198E0E009B46E5 /* Frameworks */ = {
			isa = PBXFrameworksBuildPhase;
			buildActionMask = 2147483647;
			files = (
			);
			runOnlyForDeploymentPostprocessing = 0;
		};
/* End PBXFrameworksBuildPhase section */

/* Begin PBXGroup section */
		BA6E5F2328198E0E009B46E5 = {
			isa = PBXGroup;
			children = (
				BA6E5F2E28198E0E009B46E5 /* NewsApp */,
				BA6E5F2D28198E0E009B46E5 /* Products */,
			);
			sourceTree = "<group>";
		};
		BA6E5F2D28198E0E009B46E5 /* Products */ = {
			isa = PBXGroup;
			children = (
				BA6E5F2C28198E0E009B46E5 /* NewsApp.app */,
			);
			name = Products;
			sourceTree = "<group>";
		};
		BA6E5F2E28198E0E009B46E5 /* NewsApp */ = {
			isa = PBXGroup;
			children = (
				BA6E5F2F28198E0E009B46E5 /* AppDelegate.swift */,
				BA6E5F3128198E0E009B46E5 /* SceneDelegate.swift */,
				BA6E5F4528198E49009B46E5 /* Model */,
				BA6E5F4428198E36009B46E5 /* View */,
				BA6E5F4328198E21009B46E5 /* ViewModel */,
				BA6E5F3828198E12009B46E5 /* Assets.xcassets */,
				BA6E5F3D28198E12009B46E5 /* Info.plist */,
			);
			path = NewsApp;
			sourceTree = "<group>";
		};
		BA6E5F4328198E21009B46E5 /* ViewModel */ = {
			isa = PBXGroup;
			children = (
				BA639BAE28BEC01200189F14 /* NewsCellViewModel.swift */,
				BA639BAB28BE814000189F14 /* NewsViewModel.swift */,
			);
			path = ViewModel;
			sourceTree = "<group>";
		};
		BA6E5F4428198E36009B46E5 /* View */ = {
			isa = PBXGroup;
			children = (
				BA639BA728B7EE5000189F14 /* CustomCell.swift */,
				BA6E5F3328198E0E009B46E5 /* NewsViewController.swift */,
				BA6E5F3528198E0E009B46E5 /* Main.storyboard */,
				BA6E5F3A28198E12009B46E5 /* LaunchScreen.storyboard */,
			);
			path = View;
			sourceTree = "<group>";
		};
		BA6E5F4528198E49009B46E5 /* Model */ = {
			isa = PBXGroup;
			children = (
				BA6E5F4628199534009B46E5 /* Service */,
				BA6E5F492819A749009B46E5 /* NewsModel.swift */,
			);
			path = Model;
			sourceTree = "<group>";
		};
		BA6E5F4628199534009B46E5 /* Service */ = {
			isa = PBXGroup;
			children = (
				BA6E5F472819956B009B46E5 /* Service.swift */,
				BA639BA928BE42C800189F14 /* ErrorHandler.swift */,
			);
			path = Service;
			sourceTree = "<group>";
		};
/* End PBXGroup section */

/* Begin PBXNativeTarget section */
		BA6E5F2B28198E0E009B46E5 /* NewsApp */ = {
			isa = PBXNativeTarget;
			buildConfigurationList = BA6E5F4028198E12009B46E5 /* Build configuration list for PBXNativeTarget "NewsApp" */;
			buildPhases = (
				BA6E5F2828198E0E009B46E5 /* Sources */,
				BA6E5F2928198E0E009B46E5 /* Frameworks */,
				BA6E5F2A28198E0E009B46E5 /* Resources */,
			);
			buildRules = (
			);
			dependencies = (
			);
			name = NewsApp;
			productName = NewsApp;
			productReference = BA6E5F2C28198E0E009B46E5 /* NewsApp.app */;
			productType = "com.apple.product-type.application";
		};
/* End PBXNativeTarget section */

/* Begin PBXProject section */
		BA6E5F2428198E0E009B46E5 /* Project object */ = {
			isa = PBXProject;
			attributes = {
				BuildIndependentTargetsInParallel = 1;
				LastSwiftUpdateCheck = 1320;
				LastUpgradeCheck = 1320;
				TargetAttributes = {
					BA6E5F2B28198E0E009B46E5 = {
						CreatedOnToolsVersion = 13.2.1;
					};
				};
			};
			buildConfigurationList = BA6E5F2728198E0E009B46E5 /* Build configuration list for PBXProject "NewsApp" */;
			compatibilityVersion = "Xcode 13.0";
			developmentRegion = en;
			hasScannedForEncodings = 0;
			knownRegions = (
				en,
				Base,
			);
			mainGroup = BA6E5F2328198E0E009B46E5;
			productRefGroup = BA6E5F2D28198E0E009B46E5 /* Products */;
			projectDirPath = "";
			projectRoot = "";
			targets = (
				BA6E5F2B28198E0E009B46E5 /* NewsApp */,
			);
		};
/* End PBXProject section */

/* Begin PBXResourcesBuildPhase section */
		BA6E5F2A28198E0E009B46E5 /* Resources */ = {
			isa = PBXResourcesBuildPhase;
			buildActionMask = 2147483647;
			files = (
				BA6E5F3C28198E12009B46E5 /* LaunchScreen.storyboard in Resources */,
				BA6E5F3928198E12009B46E5 /* Assets.xcassets in Resources */,
				BA6E5F3728198E0E009B46E5 /* Main.storyboard in Resources */,
			);
			runOnlyForDeploymentPostprocessing = 0;
		};
/* End PBXResourcesBuildPhase section */

/* Begin PBXSourcesBuildPhase section */
		BA6E5F2828198E0E009B46E5 /* Sources */ = {
			isa = PBXSourcesBuildPhase;
			buildActionMask = 2147483647;
			files = (
				BA6E5F3428198E0E009B46E5 /* NewsViewController.swift in Sources */,
				BA639BAA28BE42C800189F14 /* ErrorHandler.swift in Sources */,
				BA6E5F482819956B009B46E5 /* Service.swift in Sources */,
				BA639BAF28BEC01200189F14 /* NewsCellViewModel.swift in Sources */,
				BA6E5F3028198E0E009B46E5 /* AppDelegate.swift in Sources */,
				BA6E5F3228198E0E009B46E5 /* SceneDelegate.swift in Sources */,
				BA639BA828B7EE5000189F14 /* CustomCell.swift in Sources */,
				BA6E5F4A2819A749009B46E5 /* NewsModel.swift in Sources */,
				BA639BAC28BE814000189F14 /* NewsViewModel.swift in Sources */,
			);
			runOnlyForDeploymentPostprocessing = 0;
		};
/* End PBXSourcesBuildPhase section */

/* Begin PBXVariantGroup section */
		BA6E5F3528198E0E009B46E5 /* Main.storyboard */ = {
			isa = PBXVariantGroup;
			children = (
				BA6E5F3628198E0E009B46E5 /* Base */,
			);
			name = Main.storyboard;
			sourceTree = "<group>";
		};
		BA6E5F3A28198E12009B46E5 /* LaunchScreen.storyboard */ = {
			isa = PBXVariantGroup;
			children = (
				BA6E5F3B28198E12009B46E5 /* Base */,
			);
			name = LaunchScreen.storyboard;
			sourceTree = "<group>";
		};
/* End PBXVariantGroup section */

/* Begin XCBuildConfiguration section */
		BA6E5F3E28198E12009B46E5 /* Debug */ = {
			isa = XCBuildConfiguration;
			buildSettings = {
				ALWAYS_SEARCH_USER_PATHS = NO;
				CLANG_ANALYZER_NONNULL = YES;
				CLANG_ANALYZER_NUMBER_OBJECT_CONVERSION = YES_AGGRESSIVE;
				CLANG_CXX_LANGUAGE_STANDARD = "gnu++17";
				CLANG_CXX_LIBRARY = "libc++";
				CLANG_ENABLE_MODULES = YES;
				CLANG_ENABLE_OBJC_ARC = YES;
				CLANG_ENABLE_OBJC_WEAK = YES;
				CLANG_WARN_BLOCK_CAPTURE_AUTORELEASING = YES;
				CLANG_WARN_BOOL_CONVERSION = YES;
				CLANG_WARN_COMMA = YES;
				CLANG_WARN_CONSTANT_CONVERSION = YES;
				CLANG_WARN_DEPRECATED_OBJC_IMPLEMENTATIONS = YES;
				CLANG_WARN_DIRECT_OBJC_ISA_USAGE = YES_ERROR;
				CLANG_WARN_DOCUMENTATION_COMMENTS = YES;
				CLANG_WARN_EMPTY_BODY = YES;
				CLANG_WARN_ENUM_CONVERSION = YES;
				CLANG_WARN_INFINITE_RECURSION = YES;
				CLANG_WARN_INT_CONVERSION = YES;
				CLANG_WARN_NON_LITERAL_NULL_CONVERSION = YES;
				CLANG_WARN_OBJC_IMPLICIT_RETAIN_SELF = YES;
				CLANG_WARN_OBJC_LITERAL_CONVERSION = YES;
				CLANG_WARN_OBJC_ROOT_CLASS = YES_ERROR;
				CLANG_WARN_QUOTED_INCLUDE_IN_FRAMEWORK_HEADER = YES;
				CLANG_WARN_RANGE_LOOP_ANALYSIS = YES;
				CLANG_WARN_STRICT_PROTOTYPES = YES;
				CLANG_WARN_SUSPICIOUS_MOVE = YES;
				CLANG_WARN_UNGUARDED_AVAILABILITY = YES_AGGRESSIVE;
				CLANG_WARN_UNREACHABLE_CODE = YES;
				CLANG_WARN__DUPLICATE_METHOD_MATCH = YES;
				COPY_PHASE_STRIP = NO;
				DEBUG_INFORMATION_FORMAT = dwarf;
				ENABLE_STRICT_OBJC_MSGSEND = YES;
				ENABLE_TESTABILITY = YES;
				GCC_C_LANGUAGE_STANDARD = gnu11;
				GCC_DYNAMIC_NO_PIC = NO;
				GCC_NO_COMMON_BLOCKS = YES;
				GCC_OPTIMIZATION_LEVEL = 0;
				GCC_PREPROCESSOR_DEFINITIONS = (
					"DEBUG=1",
					"$(inherited)",
				);
				GCC_WARN_64_TO_32_BIT_CONVERSION = YES;
				GCC_WARN_ABOUT_RETURN_TYPE = YES_ERROR;
				GCC_WARN_UNDECLARED_SELECTOR = YES;
				GCC_WARN_UNINITIALIZED_AUTOS = YES_AGGRESSIVE;
				GCC_WARN_UNUSED_FUNCTION = YES;
				GCC_WARN_UNUSED_VARIABLE = YES;
				IPHONEOS_DEPLOYMENT_TARGET = 15.2;
				MTL_ENABLE_DEBUG_INFO = INCLUDE_SOURCE;
				MTL_FAST_MATH = YES;
				ONLY_ACTIVE_ARCH = YES;
				SDKROOT = iphoneos;
				SWIFT_ACTIVE_COMPILATION_CONDITIONS = DEBUG;
				SWIFT_OPTIMIZATION_LEVEL = "-Onone";
			};
			name = Debug;
		};
		BA6E5F3F28198E12009B46E5 /* Release */ = {
			isa = XCBuildConfiguration;
			buildSettings = {
				ALWAYS_SEARCH_USER_PATHS = NO;
				CLANG_ANALYZER_NONNULL = YES;
				CLANG_ANALYZER_NUMBER_OBJECT_CONVERSION = YES_AGGRESSIVE;
				CLANG_CXX_LANGUAGE_STANDARD = "gnu++17";
				CLANG_CXX_LIBRARY = "libc++";
				CLANG_ENABLE_MODULES = YES;
				CLANG_ENABLE_OBJC_ARC = YES;
				CLANG_ENABLE_OBJC_WEAK = YES;
				CLANG_WARN_BLOCK_CAPTURE_AUTORELEASING = YES;
				CLANG_WARN_BOOL_CONVERSION = YES;
				CLANG_WARN_COMMA = YES;
				CLANG_WARN_CONSTANT_CONVERSION = YES;
				CLANG_WARN_DEPRECATED_OBJC_IMPLEMENTATIONS = YES;
				CLANG_WARN_DIRECT_OBJC_ISA_USAGE = YES_ERROR;
				CLANG_WARN_DOCUMENTATION_COMMENTS = YES;
				CLANG_WARN_EMPTY_BODY = YES;
				CLANG_WARN_ENUM_CONVERSION = YES;
				CLANG_WARN_INFINITE_RECURSION = YES;
				CLANG_WARN_INT_CONVERSION = YES;
				CLANG_WARN_NON_LITERAL_NULL_CONVERSION = YES;
				CLANG_WARN_OBJC_IMPLICIT_RETAIN_SELF = YES;
				CLANG_WARN_OBJC_LITERAL_CONVERSION = YES;
				CLANG_WARN_OBJC_ROOT_CLASS = YES_ERROR;
				CLANG_WARN_QUOTED_INCLUDE_IN_FRAMEWORK_HEADER = YES;
				CLANG_WARN_RANGE_LOOP_ANALYSIS = YES;
				CLANG_WARN_STRICT_PROTOTYPES = YES;
				CLANG_WARN_SUSPICIOUS_MOVE = YES;
				CLANG_WARN_UNGUARDED_AVAILABILITY = YES_AGGRESSIVE;
				CLANG_WARN_UNREACHABLE_CODE = YES;
				CLANG_WARN__DUPLICATE_METHOD_MATCH = YES;
				COPY_PHASE_STRIP = NO;
				DEBUG_INFORMATION_FORMAT = "dwarf-with-dsym";
				ENABLE_NS_ASSERTIONS = NO;
				ENABLE_STRICT_OBJC_MSGSEND = YES;
				GCC_C_LANGUAGE_STANDARD = gnu11;
				GCC_NO_COMMON_BLOCKS = YES;
				GCC_WARN_64_TO_32_BIT_CONVERSION = YES;
				GCC_WARN_ABOUT_RETURN_TYPE = YES_ERROR;
				GCC_WARN_UNDECLARED_SELECTOR = YES;
				GCC_WARN_UNINITIALIZED_AUTOS = YES_AGGRESSIVE;
				GCC_WARN_UNUSED_FUNCTION = YES;
				GCC_WARN_UNUSED_VARIABLE = YES;
				IPHONEOS_DEPLOYMENT_TARGET = 15.2;
				MTL_ENABLE_DEBUG_INFO = NO;
				MTL_FAST_MATH = YES;
				SDKROOT = iphoneos;
				SWIFT_COMPILATION_MODE = wholemodule;
				SWIFT_OPTIMIZATION_LEVEL = "-O";
				VALIDATE_PRODUCT = YES;
			};
			name = Release;
		};
		BA6E5F4128198E12009B46E5 /* Debug */ = {
			isa = XCBuildConfiguration;
			buildSettings = {
				ASSETCATALOG_COMPILER_APPICON_NAME = AppIcon;
				ASSETCATALOG_COMPILER_GLOBAL_ACCENT_COLOR_NAME = AccentColor;
				CODE_SIGN_STYLE = Automatic;
				CURRENT_PROJECT_VERSION = 1;
				GENERATE_INFOPLIST_FILE = YES;
				INFOPLIST_FILE = NewsApp/Info.plist;
				INFOPLIST_KEY_UIApplicationSupportsIndirectInputEvents = YES;
				INFOPLIST_KEY_UILaunchStoryboardName = LaunchScreen;
				INFOPLIST_KEY_UIMainStoryboardFile = Main;
				INFOPLIST_KEY_UISupportedInterfaceOrientations_iPad = "UIInterfaceOrientationPortrait UIInterfaceOrientationPortraitUpsideDown UIInterfaceOrientationLandscapeLeft UIInterfaceOrientationLandscapeRight";
				INFOPLIST_KEY_UISupportedInterfaceOrientations_iPhone = "UIInterfaceOrientationPortrait UIInterfaceOrientationLandscapeLeft UIInterfaceOrientationLandscapeRight";
				LD_RUNPATH_SEARCH_PATHS = (
					"$(inherited)",
					"@executable_path/Frameworks",
				);
				MARKETING_VERSION = 1.0;
				PRODUCT_BUNDLE_IDENTIFIER = br.com.example.NewsApp;
				PRODUCT_NAME = "$(TARGET_NAME)";
				SWIFT_EMIT_LOC_STRINGS = YES;
				SWIFT_VERSION = 5.0;
				TARGETED_DEVICE_FAMILY = "1,2";
			};
			name = Debug;
		};
		BA6E5F4228198E12009B46E5 /* Release */ = {
			isa = XCBuildConfiguration;
			buildSettings = {
				ASSETCATALOG_COMPILER_APPICON_NAME = AppIcon;
				ASSETCATALOG_COMPILER_GLOBAL_ACCENT_COLOR_NAME = AccentColor;
				CODE_SIGN_STYLE = Automatic;
				CURRENT_PROJECT_VERSION = 1;
				GENERATE_INFOPLIST_FILE = YES;
				INFOPLIST_FILE = NewsApp/Info.plist;
				INFOPLIST_KEY_UIApplicationSupportsIndirectInputEvents = YES;
				INFOPLIST_KEY_UILaunchStoryboardName = LaunchScreen;
				INFOPLIST_KEY_UIMainStoryboardFile = Main;
				INFOPLIST_KEY_UISupportedInterfaceOrientations_iPad = "UIInterfaceOrientationPortrait UIInterfaceOrientationPortraitUpsideDown UIInterfaceOrientationLandscapeLeft UIInterfaceOrientationLandscapeRight";
				INFOPLIST_KEY_UISupportedInterfaceOrientations_iPhone = "UIInterfaceOrientationPortrait UIInterfaceOrientationLandscapeLeft UIInterfaceOrientationLandscapeRight";
				LD_RUNPATH_SEARCH_PATHS = (
					"$(inherited)",
					"@executable_path/Frameworks",
				);
				MARKETING_VERSION = 1.0;
				PRODUCT_BUNDLE_IDENTIFIER = br.com.example.NewsApp;
				PRODUCT_NAME = "$(TARGET_NAME)";
				SWIFT_EMIT_LOC_STRINGS = YES;
				SWIFT_VERSION = 5.0;
				TARGETED_DEVICE_FAMILY = "1,2";
			};
			name = Release;
		};
/* End XCBuildConfiguration section */

/* Begin XCConfigurationList section */
		BA6E5F2728198E0E009B46E5 /* Build configuration list for PBXProject "NewsApp" */ = {
			isa = XCConfigurationList;
			buildConfigurations = (
				BA6E5F3E28198E12009B46E5 /* Debug */,
				BA6E5F3F28198E12009B46E5 /* Release */,
			);
			defaultConfigurationIsVisible = 0;
			defaultConfigurationName = Release;
		};
		BA6E5F4028198E12009B46E5 /* Build configuration list for PBXNativeTarget "NewsApp" */ = {
			isa = XCConfigurationList;
			buildConfigurations = (
				BA6E5F4128198E12009B46E5 /* Debug */,
				BA6E5F4228198E12009B46E5 /* Release */,
			);
			defaultConfigurationIsVisible = 0;
			defaultConfigurationName = Release;
		};
/* End XCConfigurationList section */
	};
	rootObject = BA6E5F2428198E0E009B46E5 /* Project object */;
}
